lockfileVersion: '9.0'

settings:
  autoInstallPeers: true
  excludeLinksFromLockfile: false

importers:

  .:
    dependencies:
      '@easygame/event-bus-ts':
        specifier: 1.0.3
        version: 1.0.3

packages:

  '@easygame/event-bus-ts@1.0.3':
    resolution: {integrity: sha512-aJWpZ2Q+OInW0G7ExdyA+O0d3VQtz8+WbNT50A2msJIr32nzbThkfq7y4KZi74XZopL3/Lr9UFzNuOrqj/dnbA==}

snapshots:

  '@easygame/event-bus-ts@1.0.3': {}
